
Microsoft Visual Studio Solution File, Format Version 12.00
# Visual Studio Version 17
VisualStudioVersion = 17.3.32901.215
MinimumVisualStudioVersion = 10.0.40219.1
Project("{FAE04EC0-301F-11D3-BF4B-00C04F79EFBC}") = "CA221128", "CA221128.csproj", "{2D0E76F0-41C5-48F3-BC03-632558B440F0}"
EndProject
Global
	GlobalSection(SolutionConfigurationPlatforms) = preSolution
		Debug|Any CPU = Debug|Any CPU
		Release|Any CPU = Release|Any CPU
	EndGlobalSection
	GlobalSection(ProjectConfigurationPlatforms) = postSolution
		{2D0E76F0-41C5-48F3-BC03-632558B440F0}.Debug|Any CPU.ActiveCfg = Debug|Any CPU
		{2D0E76F0-41C5-48F3-BC03-632558B440F0}.Debug|Any CPU.Build.0 = Debug|Any CPU
		{2D0E76F0-41C5-48F3-BC03-632558B440F0}.Release|Any CPU.ActiveCfg = Release|Any CPU
		{2D0E76F0-41C5-48F3-BC03-632558B440F0}.Release|Any CPU.Build.0 = Release|Any CPU
	EndGlobalSection
	GlobalSection(SolutionProperties) = preSolution
		HideSolutionNode = FALSE
	EndGlobalSection
	GlobalSection(ExtensibilityGlobals) = postSolution
		SolutionGuid = {7B2E2D23-2414-4EE0-B2E3-D654AA493B54}
	EndGlobalSection
EndGlobal
